{
  "pins" : [
    {
      "identity" : "alamofire",
      "kind" : "remoteSourceControl",
      "location" : "https://github.com/Alamofire/Alamofire.git",
      "state" : {
        "revision" : "bc268c28fb170f494de9e9927c371b8342979ece",
        "version" : "5.7.1"
      }
    },
    {
      "identity" : "networker",
      "kind" : "remoteSourceControl",
      "location" : "https://github.com/Koronaa/Networker.git",
      "state" : {
        "branch" : "develop",
        "revision" : "2c15d160323d0a70627a868e852d2c24a7813aeb"
      }
    }
  ],
  "version" : 2
}
